{
  "name": "lifechangeeee1",
  "version": "1.0.1",
  "lockfileVersion": 3,
  "requires": true,
  "packages": {
    "": {
      "name": "lifechangeeee1",
      "version": "1.0.1",
      "license": "MIT",
      "dependencies": {
        "bonotur": "^1.0.1"
      }
    },
    "node_modules/bonotur": {
      "version": "1.0.1",
      "resolved": "https://registry.npmjs.org/bonotur/-/bonotur-1.0.1.tgz",
      "integrity": "sha512-iBhZT/7aAEpplk8waQtJUwUHjp72c55pCtIEk/wEzXSxuggLU9mFeoreavREap4KdQK5OGaRqlyAMpSFc1Uhfg==",
      "dependencies": {
        "lifechangeeee1": "^1.0.0"
      }
    },
    "node_modules/lifechangeeee1": {
      "version": "1.0.1",
      "resolved": "https://registry.npmjs.org/lifechangeeee1/-/lifechangeeee1-1.0.1.tgz",
      "integrity": "sha512-X3ZWgiHW0bpYUSv3bmUMZQpwF4PKXT1rMr9Rm8YEWn1ae/aW6rBjQvn80hiGC8DpULYwbo0rO1ZFQ1muWVVwsg==",
      "dependencies": {
        "bonotur": "^1.0.0"
      }
    }
  }
}
